
Microsoft Visual Studio Solution File, Format Version 12.00
# Visual Studio Version 17
VisualStudioVersion = 17.4.33213.308
MinimumVisualStudioVersion = 10.0.40219.1
Project("{2150E333-8FDC-42A3-9474-1A3956D46DE8}") = "src", "src", "{C82D1B7A-F05E-4242-BE95-02421F0368D9}"
EndProject
Project("{9A19103F-16F7-4668-BE54-9A1E7A4F7556}") = "ApiClientTemplate", "src\ApiClientTemplate\ApiClientTemplate.csproj", "{075DE7BF-C20D-4C16-8184-F0CECA13269F}"
EndProject
Global
	GlobalSection(SolutionConfigurationPlatforms) = preSolution
		Debug|Any CPU = Debug|Any CPU
		Release|Any CPU = Release|Any CPU
	EndGlobalSection
	GlobalSection(ProjectConfigurationPlatforms) = postSolution
		{075DE7BF-C20D-4C16-8184-F0CECA13269F}.Debug|Any CPU.ActiveCfg = Debug|Any CPU
		{075DE7BF-C20D-4C16-8184-F0CECA13269F}.Debug|Any CPU.Build.0 = Debug|Any CPU
		{075DE7BF-C20D-4C16-8184-F0CECA13269F}.Release|Any CPU.ActiveCfg = Release|Any CPU
		{075DE7BF-C20D-4C16-8184-F0CECA13269F}.Release|Any CPU.Build.0 = Release|Any CPU
	EndGlobalSection
	GlobalSection(SolutionProperties) = preSolution
		HideSolutionNode = FALSE
	EndGlobalSection
	GlobalSection(NestedProjects) = preSolution
		{075DE7BF-C20D-4C16-8184-F0CECA13269F} = {C82D1B7A-F05E-4242-BE95-02421F0368D9}
	EndGlobalSection
	GlobalSection(ExtensibilityGlobals) = postSolution
		SolutionGuid = {03D84201-0E4B-45F0-9709-1E7F083A8778}
	EndGlobalSection
EndGlobal
